
Microsoft Visual Studio Solution File, Format Version 12.00
# Visual Studio Version 16
VisualStudioVersion = 16.0.34301.259
MinimumVisualStudioVersion = 10.0.40219.1
Project("{FAE04EC0-301F-11D3-BF4B-00C04F79EFBC}") = "OpenWeChat", "WeChat\OpenWeChat.csproj", "{964FFA88-72A2-4D59-BB39-093D0202C973}"
EndProject
Project("{54435603-DBB4-11D2-8724-00A0C9A8B90C}") = "微信多开管理器", "微信多开管理器\微信多开管理器.vdproj", "{629D710F-0AFF-4D53-8AD9-9EBEDCA0C0D0}"
EndProject
Global
	GlobalSection(SolutionConfigurationPlatforms) = preSolution
		Debug|Any CPU = Debug|Any CPU
		Release|Any CPU = Release|Any CPU
	EndGlobalSection
	GlobalSection(ProjectConfigurationPlatforms) = postSolution
		{964FFA88-72A2-4D59-BB39-093D0202C973}.Debug|Any CPU.ActiveCfg = Debug|Any CPU
		{964FFA88-72A2-4D59-BB39-093D0202C973}.Debug|Any CPU.Build.0 = Debug|Any CPU
		{964FFA88-72A2-4D59-BB39-093D0202C973}.Release|Any CPU.ActiveCfg = Release|Any CPU
		{964FFA88-72A2-4D59-BB39-093D0202C973}.Release|Any CPU.Build.0 = Release|Any CPU
		{629D710F-0AFF-4D53-8AD9-9EBEDCA0C0D0}.Debug|Any CPU.ActiveCfg = Debug
		{629D710F-0AFF-4D53-8AD9-9EBEDCA0C0D0}.Release|Any CPU.ActiveCfg = Release
	EndGlobalSection
	GlobalSection(SolutionProperties) = preSolution
		HideSolutionNode = FALSE
	EndGlobalSection
	GlobalSection(ExtensibilityGlobals) = postSolution
		SolutionGuid = {733EBE9A-4ADE-4BB7-9693-96C8D7D60E2F}
	EndGlobalSection
EndGlobal
